# THIS IS AN AUTOGENERATED FILE. DO NOT EDIT THIS FILE DIRECTLY.
# yarn lockfile v1


bs-platform@^9.0.2:
  version "9.0.2"
  resolved "https://registry.yarnpkg.com/bs-platform/-/bs-platform-9.0.2.tgz#a6eac70eb8924a322556dacaccbfbc9b2a0d3a37"
  integrity sha512-Ye9JqJ4Oa7mcjjoOVRYI8Uc2Cf8N7jQLWDcdUplY7996d/YErSR7WitmV7XnSwr4EvdrbwjEsg1NxNjUQv3ChA==

reason-repacked@^3.6.0-30fb3f55:
  version "3.6.0-30fb3f55"
  resolved "https://registry.yarnpkg.com/reason-repacked/-/reason-repacked-3.6.0-30fb3f55.tgz#2789647445acb020d6d0d596575cbb1bdfccf333"
  integrity sha512-W00yGAeAGbJv2FCRM+FLMDmYIDo+zhknHDsGXCK6e8B8m+m0Ky33sqq2qkJNO8LitU4/UN2vIq+5ReJQpIAsdQ==
